
Microsoft Visual Studio Solution File, Format Version 12.00
# Visual Studio Version 17
VisualStudioVersion = 17.4.33213.308
MinimumVisualStudioVersion = 10.0.40219.1
Project("{FAE04EC0-301F-11D3-BF4B-00C04F79EFBC}") = "snakegame", "snakegame\snakegame.csproj", "{C8251BFE-E5F1-4AB7-A53C-F63DAC82F1E0}"
EndProject
Global
	GlobalSection(SolutionConfigurationPlatforms) = preSolution
		Debug|Any CPU = Debug|Any CPU
		Release|Any CPU = Release|Any CPU
	EndGlobalSection
	GlobalSection(ProjectConfigurationPlatforms) = postSolution
		{C8251BFE-E5F1-4AB7-A53C-F63DAC82F1E0}.Debug|Any CPU.ActiveCfg = Debug|Any CPU
		{C8251BFE-E5F1-4AB7-A53C-F63DAC82F1E0}.Debug|Any CPU.Build.0 = Debug|Any CPU
		{C8251BFE-E5F1-4AB7-A53C-F63DAC82F1E0}.Release|Any CPU.ActiveCfg = Release|Any CPU
		{C8251BFE-E5F1-4AB7-A53C-F63DAC82F1E0}.Release|Any CPU.Build.0 = Release|Any CPU
	EndGlobalSection
	GlobalSection(SolutionProperties) = preSolution
		HideSolutionNode = FALSE
	EndGlobalSection
	GlobalSection(ExtensibilityGlobals) = postSolution
		SolutionGuid = {DF07DBD0-FB55-412C-B443-30C9F2F2B291}
	EndGlobalSection
EndGlobal
