
Microsoft Visual Studio Solution File, Format Version 12.00
# Visual Studio Version 17
VisualStudioVersion = 17.3.32901.215
MinimumVisualStudioVersion = 10.0.40219.1
Project("{FAE04EC0-301F-11D3-BF4B-00C04F79EFBC}") = "FlappyBird", "FlappyBird.csproj", "{CCF1EA84-9762-48C7-8FA4-8F6C800E6689}"
EndProject
Global
	GlobalSection(SolutionConfigurationPlatforms) = preSolution
		Debug|Any CPU = Debug|Any CPU
		Release|Any CPU = Release|Any CPU
	EndGlobalSection
	GlobalSection(ProjectConfigurationPlatforms) = postSolution
		{CCF1EA84-9762-48C7-8FA4-8F6C800E6689}.Debug|Any CPU.ActiveCfg = Debug|Any CPU
		{CCF1EA84-9762-48C7-8FA4-8F6C800E6689}.Debug|Any CPU.Build.0 = Debug|Any CPU
		{CCF1EA84-9762-48C7-8FA4-8F6C800E6689}.Release|Any CPU.ActiveCfg = Release|Any CPU
		{CCF1EA84-9762-48C7-8FA4-8F6C800E6689}.Release|Any CPU.Build.0 = Release|Any CPU
	EndGlobalSection
	GlobalSection(SolutionProperties) = preSolution
		HideSolutionNode = FALSE
	EndGlobalSection
	GlobalSection(ExtensibilityGlobals) = postSolution
		SolutionGuid = {0937F5E8-46A5-4AB2-8278-5D2CFD3F7673}
	EndGlobalSection
EndGlobal
