
Microsoft Visual Studio Solution File, Format Version 12.00
# Visual Studio Version 17
VisualStudioVersion = 17.3.32901.215
MinimumVisualStudioVersion = 10.0.40219.1
Project("{FAE04EC0-301F-11D3-BF4B-00C04F79EFBC}") = "Quoridor", "Quoridor.csproj", "{D8B27F5A-5FD8-4F7B-A50C-97DDE2167F50}"
EndProject
Global
	GlobalSection(SolutionConfigurationPlatforms) = preSolution
		Debug|Any CPU = Debug|Any CPU
		Release|Any CPU = Release|Any CPU
	EndGlobalSection
	GlobalSection(ProjectConfigurationPlatforms) = postSolution
		{D8B27F5A-5FD8-4F7B-A50C-97DDE2167F50}.Debug|Any CPU.ActiveCfg = Debug|Any CPU
		{D8B27F5A-5FD8-4F7B-A50C-97DDE2167F50}.Debug|Any CPU.Build.0 = Debug|Any CPU
		{D8B27F5A-5FD8-4F7B-A50C-97DDE2167F50}.Release|Any CPU.ActiveCfg = Release|Any CPU
		{D8B27F5A-5FD8-4F7B-A50C-97DDE2167F50}.Release|Any CPU.Build.0 = Release|Any CPU
	EndGlobalSection
	GlobalSection(SolutionProperties) = preSolution
		HideSolutionNode = FALSE
	EndGlobalSection
	GlobalSection(ExtensibilityGlobals) = postSolution
		SolutionGuid = {BCCDC8D1-AC91-4520-88E5-959722CA74E3}
	EndGlobalSection
EndGlobal
